
Microsoft Visual Studio Solution File, Format Version 12.00
# Visual Studio Version 17
VisualStudioVersion = 17.9.34723.18
MinimumVisualStudioVersion = 10.0.40219.1
Project("{FAE04EC0-301F-11D3-BF4B-00C04F79EFBC}") = "ПР_3", "ПР_3.csproj", "{9092795E-DF33-466E-80D0-AC28F8241D01}"
EndProject
Global
	GlobalSection(SolutionConfigurationPlatforms) = preSolution
		Debug|Any CPU = Debug|Any CPU
		Release|Any CPU = Release|Any CPU
	EndGlobalSection
	GlobalSection(ProjectConfigurationPlatforms) = postSolution
		{9092795E-DF33-466E-80D0-AC28F8241D01}.Debug|Any CPU.ActiveCfg = Debug|Any CPU
		{9092795E-DF33-466E-80D0-AC28F8241D01}.Debug|Any CPU.Build.0 = Debug|Any CPU
		{9092795E-DF33-466E-80D0-AC28F8241D01}.Release|Any CPU.ActiveCfg = Release|Any CPU
		{9092795E-DF33-466E-80D0-AC28F8241D01}.Release|Any CPU.Build.0 = Release|Any CPU
	EndGlobalSection
	GlobalSection(SolutionProperties) = preSolution
		HideSolutionNode = FALSE
	EndGlobalSection
	GlobalSection(ExtensibilityGlobals) = postSolution
		SolutionGuid = {36F3463A-2840-4D7B-AD97-9B1C04D2549F}
	EndGlobalSection
EndGlobal
